
Microsoft Visual Studio Solution File, Format Version 12.00
# Visual Studio 14
VisualStudioVersion = 14.0.25420.1
MinimumVisualStudioVersion = 10.0.40219.1
Project("{FAE04EC0-301F-11D3-BF4B-00C04F79EFBC}") = "TipCalc", "TipCalc\TipCalc\TipCalc.csproj", "{3C130D5E-C26B-48D3-AD9F-9D23D9ED1ED1}"
EndProject
Project("{FAE04EC0-301F-11D3-BF4B-00C04F79EFBC}") = "TipCalc.Droid", "TipCalc\TipCalc.Droid\TipCalc.Droid.csproj", "{CB597D6F-289E-4D64-88E8-5D1CE1E5D8B9}"
EndProject
Project("{FAE04EC0-301F-11D3-BF4B-00C04F79EFBC}") = "TipCalc.iOS", "TipCalc\TipCalc.iOS\TipCalc.iOS.csproj", "{937CDF8D-EAA7-40AA-A9AA-0F4755EE4CBC}"
EndProject
Project("{FAE04EC0-301F-11D3-BF4B-00C04F79EFBC}") = "TipCalc.WinPhone", "TipCalc\TipCalc.WinPhone\TipCalc.WinPhone.csproj", "{51324222-6BA5-4816-BC31-9357711B5B59}"
EndProject
Project("{FAE04EC0-301F-11D3-BF4B-00C04F79EFBC}") = "TipCalc.UWP", "TipCalc\TipCalc.UWP\TipCalc.UWP.csproj", "{D3FF0BDF-CD66-4013-989E-91D225077B69}"
EndProject
Project("{FAE04EC0-301F-11D3-BF4B-00C04F79EFBC}") = "TipCalc.Windows", "TipCalc\TipCalc.Windows\TipCalc.Windows.csproj", "{0BC8E017-DB78-4E47-AC96-F8F9FD1B9649}"
EndProject
Global
	GlobalSection(SolutionConfigurationPlatforms) = preSolution
		Ad-Hoc|Any CPU = Ad-Hoc|Any CPU
		Ad-Hoc|ARM = Ad-Hoc|ARM
		Ad-Hoc|iPhone = Ad-Hoc|iPhone
		Ad-Hoc|iPhoneSimulator = Ad-Hoc|iPhoneSimulator
		Ad-Hoc|x64 = Ad-Hoc|x64
		Ad-Hoc|x86 = Ad-Hoc|x86
		AppStore|Any CPU = AppStore|Any CPU
		AppStore|ARM = AppStore|ARM
		AppStore|iPhone = AppStore|iPhone
		AppStore|iPhoneSimulator = AppStore|iPhoneSimulator
		AppStore|x64 = AppStore|x64
		AppStore|x86 = AppStore|x86
		Debug|Any CPU = Debug|Any CPU
		Debug|ARM = Debug|ARM
		Debug|iPhone = Debug|iPhone
		Debug|iPhoneSimulator = Debug|iPhoneSimulator
		Debug|x64 = Debug|x64
		Debug|x86 = Debug|x86
		Release|Any CPU = Release|Any CPU
		Release|ARM = Release|ARM
		Release|iPhone = Release|iPhone
		Release|iPhoneSimulator = Release|iPhoneSimulator
		Release|x64 = Release|x64
		Release|x86 = Release|x86
	EndGlobalSection
	GlobalSection(ProjectConfigurationPlatforms) = postSolution
		{3C130D5E-C26B-48D3-AD9F-9D23D9ED1ED1}.Ad-Hoc|Any CPU.ActiveCfg = Release|Any CPU
		{3C130D5E-C26B-48D3-AD9F-9D23D9ED1ED1}.Ad-Hoc|Any CPU.Build.0 = Release|Any CPU
		{3C130D5E-C26B-48D3-AD9F-9D23D9ED1ED1}.Ad-Hoc|ARM.ActiveCfg = Release|Any CPU
		{3C130D5E-C26B-48D3-AD9F-9D23D9ED1ED1}.Ad-Hoc|ARM.Build.0 = Release|Any CPU
		{3C130D5E-C26B-48D3-AD9F-9D23D9ED1ED1}.Ad-Hoc|iPhone.ActiveCfg = Release|Any CPU
		{3C130D5E-C26B-48D3-AD9F-9D23D9ED1ED1}.Ad-Hoc|iPhone.Build.0 = Release|Any CPU
		{3C130D5E-C26B-48D3-AD9F-9D23D9ED1ED1}.Ad-Hoc|iPhoneSimulator.ActiveCfg = Release|Any CPU
		{3C130D5E-C26B-48D3-AD9F-9D23D9ED1ED1}.Ad-Hoc|iPhoneSimulator.Build.0 = Release|Any CPU
		{3C130D5E-C26B-48D3-AD9F-9D23D9ED1ED1}.Ad-Hoc|x64.ActiveCfg = Release|Any CPU
		{3C130D5E-C26B-48D3-AD9F-9D23D9ED1ED1}.Ad-Hoc|x64.Build.0 = Release|Any CPU
		{3C130D5E-C26B-48D3-AD9F-9D23D9ED1ED1}.Ad-Hoc|x86.ActiveCfg = Release|Any CPU
		{3C130D5E-C26B-48D3-AD9F-9D23D9ED1ED1}.Ad-Hoc|x86.Build.0 = Release|Any CPU
		{3C130D5E-C26B-48D3-AD9F-9D23D9ED1ED1}.AppStore|Any CPU.ActiveCfg = Release|Any CPU
		{3C130D5E-C26B-48D3-AD9F-9D23D9ED1ED1}.AppStore|Any CPU.Build.0 = Release|Any CPU
		{3C130D5E-C26B-48D3-AD9F-9D23D9ED1ED1}.AppStore|ARM.ActiveCfg = Release|Any CPU
		{3C130D5E-C26B-48D3-AD9F-9D23D9ED1ED1}.AppStore|ARM.Build.0 = Release|Any CPU
		{3C130D5E-C26B-48D3-AD9F-9D23D9ED1ED1}.AppStore|iPhone.ActiveCfg = Release|Any CPU
		{3C130D5E-C26B-48D3-AD9F-9D23D9ED1ED1}.AppStore|iPhone.Build.0 = Release|Any CPU
		{3C130D5E-C26B-48D3-AD9F-9D23D9ED1ED1}.AppStore|iPhoneSimulator.ActiveCfg = Release|Any CPU
		{3C130D5E-C26B-48D3-AD9F-9D23D9ED1ED1}.AppStore|iPhoneSimulator.Build.0 = Release|Any CPU
		{3C130D5E-C26B-48D3-AD9F-9D23D9ED1ED1}.AppStore|x64.ActiveCfg = Release|Any CPU
		{3C130D5E-C26B-48D3-AD9F-9D23D9ED1ED1}.AppStore|x64.Build.0 = Release|Any CPU
		{3C130D5E-C26B-48D3-AD9F-9D23D9ED1ED1}.AppStore|x86.ActiveCfg = Release|Any CPU
		{3C130D5E-C26B-48D3-AD9F-9D23D9ED1ED1}.AppStore|x86.Build.0 = Release|Any CPU
		{3C130D5E-C26B-48D3-AD9F-9D23D9ED1ED1}.Debug|Any CPU.ActiveCfg = Debug|Any CPU
		{3C130D5E-C26B-48D3-AD9F-9D23D9ED1ED1}.Debug|Any CPU.Build.0 = Debug|Any CPU
		{3C130D5E-C26B-48D3-AD9F-9D23D9ED1ED1}.Debug|ARM.ActiveCfg = Debug|Any CPU
		{3C130D5E-C26B-48D3-AD9F-9D23D9ED1ED1}.Debug|ARM.Build.0 = Debug|Any CPU
		{3C130D5E-C26B-48D3-AD9F-9D23D9ED1ED1}.Debug|iPhone.ActiveCfg = Debug|Any CPU
		{3C130D5E-C26B-48D3-AD9F-9D23D9ED1ED1}.Debug|iPhone.Build.0 = Debug|Any CPU
		{3C130D5E-C26B-48D3-AD9F-9D23D9ED1ED1}.Debug|iPhoneSimulator.ActiveCfg = Debug|Any CPU
		{3C130D5E-C26B-48D3-AD9F-9D23D9ED1ED1}.Debug|iPhoneSimulator.Build.0 = Debug|Any CPU
		{3C130D5E-C26B-48D3-AD9F-9D23D9ED1ED1}.Debug|x64.ActiveCfg = Debug|Any CPU
		{3C130D5E-C26B-48D3-AD9F-9D23D9ED1ED1}.Debug|x64.Build.0 = Debug|Any CPU
		{3C130D5E-C26B-48D3-AD9F-9D23D9ED1ED1}.Debug|x86.ActiveCfg = Debug|Any CPU
		{3C130D5E-C26B-48D3-AD9F-9D23D9ED1ED1}.Debug|x86.Build.0 = Debug|Any CPU
		{3C130D5E-C26B-48D3-AD9F-9D23D9ED1ED1}.Release|Any CPU.ActiveCfg = Release|Any CPU
		{3C130D5E-C26B-48D3-AD9F-9D23D9ED1ED1}.Release|Any CPU.Build.0 = Release|Any CPU
		{3C130D5E-C26B-48D3-AD9F-9D23D9ED1ED1}.Release|ARM.ActiveCfg = Release|Any CPU
		{3C130D5E-C26B-48D3-AD9F-9D23D9ED1ED1}.Release|ARM.Build.0 = Release|Any CPU
		{3C130D5E-C26B-48D3-AD9F-9D23D9ED1ED1}.Release|iPhone.ActiveCfg = Release|Any CPU
		{3C130D5E-C26B-48D3-AD9F-9D23D9ED1ED1}.Release|iPhone.Build.0 = Release|Any CPU
		{3C130D5E-C26B-48D3-AD9F-9D23D9ED1ED1}.Release|iPhoneSimulator.ActiveCfg = Release|Any CPU
		{3C130D5E-C26B-48D3-AD9F-9D23D9ED1ED1}.Release|iPhoneSimulator.Build.0 = Release|Any CPU
		{3C130D5E-C26B-48D3-AD9F-9D23D9ED1ED1}.Release|x64.ActiveCfg = Release|Any CPU
		{3C130D5E-C26B-48D3-AD9F-9D23D9ED1ED1}.Release|x64.Build.0 = Release|Any CPU
		{3C130D5E-C26B-48D3-AD9F-9D23D9ED1ED1}.Release|x86.ActiveCfg = Release|Any CPU
		{3C130D5E-C26B-48D3-AD9F-9D23D9ED1ED1}.Release|x86.Build.0 = Release|Any CPU
		{CB597D6F-289E-4D64-88E8-5D1CE1E5D8B9}.Ad-Hoc|Any CPU.ActiveCfg = Release|Any CPU
		{CB597D6F-289E-4D64-88E8-5D1CE1E5D8B9}.Ad-Hoc|Any CPU.Build.0 = Release|Any CPU
		{CB597D6F-289E-4D64-88E8-5D1CE1E5D8B9}.Ad-Hoc|Any CPU.Deploy.0 = Release|Any CPU
		{CB597D6F-289E-4D64-88E8-5D1CE1E5D8B9}.Ad-Hoc|ARM.ActiveCfg = Release|Any CPU
		{CB597D6F-289E-4D64-88E8-5D1CE1E5D8B9}.Ad-Hoc|ARM.Build.0 = Release|Any CPU
		{CB597D6F-289E-4D64-88E8-5D1CE1E5D8B9}.Ad-Hoc|ARM.Deploy.0 = Release|Any CPU
		{CB597D6F-289E-4D64-88E8-5D1CE1E5D8B9}.Ad-Hoc|iPhone.ActiveCfg = Release|Any CPU
		{CB597D6F-289E-4D64-88E8-5D1CE1E5D8B9}.Ad-Hoc|iPhone.Build.0 = Release|Any CPU
		{CB597D6F-289E-4D64-88E8-5D1CE1E5D8B9}.Ad-Hoc|iPhone.Deploy.0 = Release|Any CPU
		{CB597D6F-289E-4D64-88E8-5D1CE1E5D8B9}.Ad-Hoc|iPhoneSimulator.ActiveCfg = Release|Any CPU
		{CB597D6F-289E-4D64-88E8-5D1CE1E5D8B9}.Ad-Hoc|iPhoneSimulator.Build.0 = Release|Any CPU
		{CB597D6F-289E-4D64-88E8-5D1CE1E5D8B9}.Ad-Hoc|iPhoneSimulator.Deploy.0 = Release|Any CPU
		{CB597D6F-289E-4D64-88E8-5D1CE1E5D8B9}.Ad-Hoc|x64.ActiveCfg = Release|Any CPU
		{CB597D6F-289E-4D64-88E8-5D1CE1E5D8B9}.Ad-Hoc|x64.Build.0 = Release|Any CPU
		{CB597D6F-289E-4D64-88E8-5D1CE1E5D8B9}.Ad-Hoc|x64.Deploy.0 = Release|Any CPU
		{CB597D6F-289E-4D64-88E8-5D1CE1E5D8B9}.Ad-Hoc|x86.ActiveCfg = Release|Any CPU
		{CB597D6F-289E-4D64-88E8-5D1CE1E5D8B9}.Ad-Hoc|x86.Build.0 = Release|Any CPU
		{CB597D6F-289E-4D64-88E8-5D1CE1E5D8B9}.Ad-Hoc|x86.Deploy.0 = Release|Any CPU
		{CB597D6F-289E-4D64-88E8-5D1CE1E5D8B9}.AppStore|Any CPU.ActiveCfg = Release|Any CPU
		{CB597D6F-289E-4D64-88E8-5D1CE1E5D8B9}.AppStore|Any CPU.Build.0 = Release|Any CPU
		{CB597D6F-289E-4D64-88E8-5D1CE1E5D8B9}.AppStore|Any CPU.Deploy.0 = Release|Any CPU
		{CB597D6F-289E-4D64-88E8-5D1CE1E5D8B9}.AppStore|ARM.ActiveCfg = Release|Any CPU
		{CB597D6F-289E-4D64-88E8-5D1CE1E5D8B9}.AppStore|ARM.Build.0 = Release|Any CPU
		{CB597D6F-289E-4D64-88E8-5D1CE1E5D8B9}.AppStore|ARM.Deploy.0 = Release|Any CPU
		{CB597D6F-289E-4D64-88E8-5D1CE1E5D8B9}.AppStore|iPhone.ActiveCfg = Release|Any CPU
		{CB597D6F-289E-4D64-88E8-5D1CE1E5D8B9}.AppStore|iPhone.Build.0 = Release|Any CPU
		{CB597D6F-289E-4D64-88E8-5D1CE1E5D8B9}.AppStore|iPhone.Deploy.0 = Release|Any CPU
		{CB597D6F-289E-4D64-88E8-5D1CE1E5D8B9}.AppStore|iPhoneSimulator.ActiveCfg = Release|Any CPU
		{CB597D6F-289E-4D64-88E8-5D1CE1E5D8B9}.AppStore|iPhoneSimulator.Build.0 = Release|Any CPU
		{CB597D6F-289E-4D64-88E8-5D1CE1E5D8B9}.AppStore|iPhoneSimulator.Deploy.0 = Release|Any CPU
		{CB597D6F-289E-4D64-88E8-5D1CE1E5D8B9}.AppStore|x64.ActiveCfg = Release|Any CPU
		{CB597D6F-289E-4D64-88E8-5D1CE1E5D8B9}.AppStore|x64.Build.0 = Release|Any CPU
		{CB597D6F-289E-4D64-88E8-5D1CE1E5D8B9}.AppStore|x64.Deploy.0 = Release|Any CPU
		{CB597D6F-289E-4D64-88E8-5D1CE1E5D8B9}.AppStore|x86.ActiveCfg = Release|Any CPU
		{CB597D6F-289E-4D64-88E8-5D1CE1E5D8B9}.AppStore|x86.Build.0 = Release|Any CPU
		{CB597D6F-289E-4D64-88E8-5D1CE1E5D8B9}.AppStore|x86.Deploy.0 = Release|Any CPU
		{CB597D6F-289E-4D64-88E8-5D1CE1E5D8B9}.Debug|Any CPU.ActiveCfg = Debug|Any CPU
		{CB597D6F-289E-4D64-88E8-5D1CE1E5D8B9}.Debug|Any CPU.Build.0 = Debug|Any CPU
		{CB597D6F-289E-4D64-88E8-5D1CE1E5D8B9}.Debug|Any CPU.Deploy.0 = Debug|Any CPU
		{CB597D6F-289E-4D64-88E8-5D1CE1E5D8B9}.Debug|ARM.ActiveCfg = Debug|Any CPU
		{CB597D6F-289E-4D64-88E8-5D1CE1E5D8B9}.Debug|ARM.Build.0 = Debug|Any CPU
		{CB597D6F-289E-4D64-88E8-5D1CE1E5D8B9}.Debug|ARM.Deploy.0 = Debug|Any CPU
		{CB597D6F-289E-4D64-88E8-5D1CE1E5D8B9}.Debug|iPhone.ActiveCfg = Debug|Any CPU
		{CB597D6F-289E-4D64-88E8-5D1CE1E5D8B9}.Debug|iPhone.Build.0 = Debug|Any CPU
		{CB597D6F-289E-4D64-88E8-5D1CE1E5D8B9}.Debug|iPhone.Deploy.0 = Debug|Any CPU
		{CB597D6F-289E-4D64-88E8-5D1CE1E5D8B9}.Debug|iPhoneSimulator.ActiveCfg = Debug|Any CPU
		{CB597D6F-289E-4D64-88E8-5D1CE1E5D8B9}.Debug|iPhoneSimulator.Build.0 = Debug|Any CPU
		{CB597D6F-289E-4D64-88E8-5D1CE1E5D8B9}.Debug|iPhoneSimulator.Deploy.0 = Debug|Any CPU
		{CB597D6F-289E-4D64-88E8-5D1CE1E5D8B9}.Debug|x64.ActiveCfg = Debug|Any CPU
		{CB597D6F-289E-4D64-88E8-5D1CE1E5D8B9}.Debug|x64.Build.0 = Debug|Any CPU
		{CB597D6F-289E-4D64-88E8-5D1CE1E5D8B9}.Debug|x64.Deploy.0 = Debug|Any CPU
		{CB597D6F-289E-4D64-88E8-5D1CE1E5D8B9}.Debug|x86.ActiveCfg = Debug|Any CPU
		{CB597D6F-289E-4D64-88E8-5D1CE1E5D8B9}.Debug|x86.Build.0 = Debug|Any CPU
		{CB597D6F-289E-4D64-88E8-5D1CE1E5D8B9}.Debug|x86.Deploy.0 = Debug|Any CPU
		{CB597D6F-289E-4D64-88E8-5D1CE1E5D8B9}.Release|Any CPU.ActiveCfg = Release|Any CPU
		{CB597D6F-289E-4D64-88E8-5D1CE1E5D8B9}.Release|Any CPU.Build.0 = Release|Any CPU
		{CB597D6F-289E-4D64-88E8-5D1CE1E5D8B9}.Release|Any CPU.Deploy.0 = Release|Any CPU
		{CB597D6F-289E-4D64-88E8-5D1CE1E5D8B9}.Release|ARM.ActiveCfg = Release|Any CPU
		{CB597D6F-289E-4D64-88E8-5D1CE1E5D8B9}.Release|ARM.Build.0 = Release|Any CPU
		{CB597D6F-289E-4D64-88E8-5D1CE1E5D8B9}.Release|ARM.Deploy.0 = Release|Any CPU
		{CB597D6F-289E-4D64-88E8-5D1CE1E5D8B9}.Release|iPhone.ActiveCfg = Release|Any CPU
		{CB597D6F-289E-4D64-88E8-5D1CE1E5D8B9}.Release|iPhone.Build.0 = Release|Any CPU
		{CB597D6F-289E-4D64-88E8-5D1CE1E5D8B9}.Release|iPhone.Deploy.0 = Release|Any CPU
		{CB597D6F-289E-4D64-88E8-5D1CE1E5D8B9}.Release|iPhoneSimulator.ActiveCfg = Release|Any CPU
		{CB597D6F-289E-4D64-88E8-5D1CE1E5D8B9}.Release|iPhoneSimulator.Build.0 = Release|Any CPU
		{CB597D6F-289E-4D64-88E8-5D1CE1E5D8B9}.Release|iPhoneSimulator.Deploy.0 = Release|Any CPU
		{CB597D6F-289E-4D64-88E8-5D1CE1E5D8B9}.Release|x64.ActiveCfg = Release|Any CPU
		{CB597D6F-289E-4D64-88E8-5D1CE1E5D8B9}.Release|x64.Build.0 = Release|Any CPU
		{CB597D6F-289E-4D64-88E8-5D1CE1E5D8B9}.Release|x64.Deploy.0 = Release|Any CPU
		{CB597D6F-289E-4D64-88E8-5D1CE1E5D8B9}.Release|x86.ActiveCfg = Release|Any CPU
		{CB597D6F-289E-4D64-88E8-5D1CE1E5D8B9}.Release|x86.Build.0 = Release|Any CPU
		{CB597D6F-289E-4D64-88E8-5D1CE1E5D8B9}.Release|x86.Deploy.0 = Release|Any CPU
		{937CDF8D-EAA7-40AA-A9AA-0F4755EE4CBC}.Ad-Hoc|Any CPU.ActiveCfg = Ad-Hoc|iPhone
		{937CDF8D-EAA7-40AA-A9AA-0F4755EE4CBC}.Ad-Hoc|ARM.ActiveCfg = Ad-Hoc|iPhone
		{937CDF8D-EAA7-40AA-A9AA-0F4755EE4CBC}.Ad-Hoc|iPhone.ActiveCfg = Ad-Hoc|iPhone
		{937CDF8D-EAA7-40AA-A9AA-0F4755EE4CBC}.Ad-Hoc|iPhone.Build.0 = Ad-Hoc|iPhone
		{937CDF8D-EAA7-40AA-A9AA-0F4755EE4CBC}.Ad-Hoc|iPhoneSimulator.ActiveCfg = Ad-Hoc|iPhoneSimulator
		{937CDF8D-EAA7-40AA-A9AA-0F4755EE4CBC}.Ad-Hoc|iPhoneSimulator.Build.0 = Ad-Hoc|iPhoneSimulator
		{937CDF8D-EAA7-40AA-A9AA-0F4755EE4CBC}.Ad-Hoc|x64.ActiveCfg = Ad-Hoc|iPhone
		{937CDF8D-EAA7-40AA-A9AA-0F4755EE4CBC}.Ad-Hoc|x86.ActiveCfg = Ad-Hoc|iPhone
		{937CDF8D-EAA7-40AA-A9AA-0F4755EE4CBC}.AppStore|Any CPU.ActiveCfg = AppStore|iPhone
		{937CDF8D-EAA7-40AA-A9AA-0F4755EE4CBC}.AppStore|ARM.ActiveCfg = AppStore|iPhone
		{937CDF8D-EAA7-40AA-A9AA-0F4755EE4CBC}.AppStore|iPhone.ActiveCfg = AppStore|iPhone
		{937CDF8D-EAA7-40AA-A9AA-0F4755EE4CBC}.AppStore|iPhone.Build.0 = AppStore|iPhone
		{937CDF8D-EAA7-40AA-A9AA-0F4755EE4CBC}.AppStore|iPhoneSimulator.ActiveCfg = AppStore|iPhoneSimulator
		{937CDF8D-EAA7-40AA-A9AA-0F4755EE4CBC}.AppStore|iPhoneSimulator.Build.0 = AppStore|iPhoneSimulator
		{937CDF8D-EAA7-40AA-A9AA-0F4755EE4CBC}.AppStore|x64.ActiveCfg = AppStore|iPhone
		{937CDF8D-EAA7-40AA-A9AA-0F4755EE4CBC}.AppStore|x86.ActiveCfg = AppStore|iPhone
		{937CDF8D-EAA7-40AA-A9AA-0F4755EE4CBC}.Debug|Any CPU.ActiveCfg = Debug|iPhone
		{937CDF8D-EAA7-40AA-A9AA-0F4755EE4CBC}.Debug|ARM.ActiveCfg = Debug|iPhone
		{937CDF8D-EAA7-40AA-A9AA-0F4755EE4CBC}.Debug|iPhone.ActiveCfg = Debug|iPhone
		{937CDF8D-EAA7-40AA-A9AA-0F4755EE4CBC}.Debug|iPhone.Build.0 = Debug|iPhone
		{937CDF8D-EAA7-40AA-A9AA-0F4755EE4CBC}.Debug|iPhoneSimulator.ActiveCfg = Debug|iPhoneSimulator
		{937CDF8D-EAA7-40AA-A9AA-0F4755EE4CBC}.Debug|iPhoneSimulator.Build.0 = Debug|iPhoneSimulator
		{937CDF8D-EAA7-40AA-A9AA-0F4755EE4CBC}.Debug|x64.ActiveCfg = Debug|iPhone
		{937CDF8D-EAA7-40AA-A9AA-0F4755EE4CBC}.Debug|x86.ActiveCfg = Debug|iPhone
		{937CDF8D-EAA7-40AA-A9AA-0F4755EE4CBC}.Release|Any CPU.ActiveCfg = Release|iPhone
		{937CDF8D-EAA7-40AA-A9AA-0F4755EE4CBC}.Release|ARM.ActiveCfg = Release|iPhone
		{937CDF8D-EAA7-40AA-A9AA-0F4755EE4CBC}.Release|iPhone.ActiveCfg = Release|iPhone
		{937CDF8D-EAA7-40AA-A9AA-0F4755EE4CBC}.Release|iPhone.Build.0 = Release|iPhone
		{937CDF8D-EAA7-40AA-A9AA-0F4755EE4CBC}.Release|iPhoneSimulator.ActiveCfg = Release|iPhoneSimulator
		{937CDF8D-EAA7-40AA-A9AA-0F4755EE4CBC}.Release|iPhoneSimulator.Build.0 = Release|iPhoneSimulator
		{937CDF8D-EAA7-40AA-A9AA-0F4755EE4CBC}.Release|x64.ActiveCfg = Release|iPhone
		{937CDF8D-EAA7-40AA-A9AA-0F4755EE4CBC}.Release|x86.ActiveCfg = Release|iPhone
		{51324222-6BA5-4816-BC31-9357711B5B59}.Ad-Hoc|Any CPU.ActiveCfg = Release|Any CPU
		{51324222-6BA5-4816-BC31-9357711B5B59}.Ad-Hoc|Any CPU.Build.0 = Release|Any CPU
		{51324222-6BA5-4816-BC31-9357711B5B59}.Ad-Hoc|Any CPU.Deploy.0 = Release|Any CPU
		{51324222-6BA5-4816-BC31-9357711B5B59}.Ad-Hoc|ARM.ActiveCfg = Release|ARM
		{51324222-6BA5-4816-BC31-9357711B5B59}.Ad-Hoc|ARM.Build.0 = Release|ARM
		{51324222-6BA5-4816-BC31-9357711B5B59}.Ad-Hoc|ARM.Deploy.0 = Release|ARM
		{51324222-6BA5-4816-BC31-9357711B5B59}.Ad-Hoc|iPhone.ActiveCfg = Release|Any CPU
		{51324222-6BA5-4816-BC31-9357711B5B59}.Ad-Hoc|iPhone.Build.0 = Release|Any CPU
		{51324222-6BA5-4816-BC31-9357711B5B59}.Ad-Hoc|iPhone.Deploy.0 = Release|Any CPU
		{51324222-6BA5-4816-BC31-9357711B5B59}.Ad-Hoc|iPhoneSimulator.ActiveCfg = Release|Any CPU
		{51324222-6BA5-4816-BC31-9357711B5B59}.Ad-Hoc|iPhoneSimulator.Build.0 = Release|Any CPU
		{51324222-6BA5-4816-BC31-9357711B5B59}.Ad-Hoc|iPhoneSimulator.Deploy.0 = Release|Any CPU
		{51324222-6BA5-4816-BC31-9357711B5B59}.Ad-Hoc|x64.ActiveCfg = Release|Any CPU
		{51324222-6BA5-4816-BC31-9357711B5B59}.Ad-Hoc|x64.Build.0 = Release|Any CPU
		{51324222-6BA5-4816-BC31-9357711B5B59}.Ad-Hoc|x64.Deploy.0 = Release|Any CPU
		{51324222-6BA5-4816-BC31-9357711B5B59}.Ad-Hoc|x86.ActiveCfg = Release|x86
		{51324222-6BA5-4816-BC31-9357711B5B59}.Ad-Hoc|x86.Build.0 = Release|x86
		{51324222-6BA5-4816-BC31-9357711B5B59}.Ad-Hoc|x86.Deploy.0 = Release|x86
		{51324222-6BA5-4816-BC31-9357711B5B59}.AppStore|Any CPU.ActiveCfg = Release|Any CPU
		{51324222-6BA5-4816-BC31-9357711B5B59}.AppStore|Any CPU.Build.0 = Release|Any CPU
		{51324222-6BA5-4816-BC31-9357711B5B59}.AppStore|Any CPU.Deploy.0 = Release|Any CPU
		{51324222-6BA5-4816-BC31-9357711B5B59}.AppStore|ARM.ActiveCfg = Release|ARM
		{51324222-6BA5-4816-BC31-9357711B5B59}.AppStore|ARM.Build.0 = Release|ARM
		{51324222-6BA5-4816-BC31-9357711B5B59}.AppStore|ARM.Deploy.0 = Release|ARM
		{51324222-6BA5-4816-BC31-9357711B5B59}.AppStore|iPhone.ActiveCfg = Release|Any CPU
		{51324222-6BA5-4816-BC31-9357711B5B59}.AppStore|iPhone.Build.0 = Release|Any CPU
		{51324222-6BA5-4816-BC31-9357711B5B59}.AppStore|iPhone.Deploy.0 = Release|Any CPU
		{51324222-6BA5-4816-BC31-9357711B5B59}.AppStore|iPhoneSimulator.ActiveCfg = Release|Any CPU
		{51324222-6BA5-4816-BC31-9357711B5B59}.AppStore|iPhoneSimulator.Build.0 = Release|Any CPU
		{51324222-6BA5-4816-BC31-9357711B5B59}.AppStore|iPhoneSimulator.Deploy.0 = Release|Any CPU
		{51324222-6BA5-4816-BC31-9357711B5B59}.AppStore|x64.ActiveCfg = Release|Any CPU
		{51324222-6BA5-4816-BC31-9357711B5B59}.AppStore|x64.Build.0 = Release|Any CPU
		{51324222-6BA5-4816-BC31-9357711B5B59}.AppStore|x64.Deploy.0 = Release|Any CPU
		{51324222-6BA5-4816-BC31-9357711B5B59}.AppStore|x86.ActiveCfg = Release|x86
		{51324222-6BA5-4816-BC31-9357711B5B59}.AppStore|x86.Build.0 = Release|x86
		{51324222-6BA5-4816-BC31-9357711B5B59}.AppStore|x86.Deploy.0 = Release|x86
		{51324222-6BA5-4816-BC31-9357711B5B59}.Debug|Any CPU.ActiveCfg = Debug|Any CPU
		{51324222-6BA5-4816-BC31-9357711B5B59}.Debug|Any CPU.Build.0 = Debug|Any CPU
		{51324222-6BA5-4816-BC31-9357711B5B59}.Debug|Any CPU.Deploy.0 = Debug|Any CPU
		{51324222-6BA5-4816-BC31-9357711B5B59}.Debug|ARM.ActiveCfg = Debug|ARM
		{51324222-6BA5-4816-BC31-9357711B5B59}.Debug|ARM.Build.0 = Debug|ARM
		{51324222-6BA5-4816-BC31-9357711B5B59}.Debug|ARM.Deploy.0 = Debug|ARM
		{51324222-6BA5-4816-BC31-9357711B5B59}.Debug|iPhone.ActiveCfg = Debug|Any CPU
		{51324222-6BA5-4816-BC31-9357711B5B59}.Debug|iPhone.Build.0 = Debug|Any CPU
		{51324222-6BA5-4816-BC31-9357711B5B59}.Debug|iPhone.Deploy.0 = Debug|Any CPU
		{51324222-6BA5-4816-BC31-9357711B5B59}.Debug|iPhoneSimulator.ActiveCfg = Debug|Any CPU
		{51324222-6BA5-4816-BC31-9357711B5B59}.Debug|iPhoneSimulator.Build.0 = Debug|Any CPU
		{51324222-6BA5-4816-BC31-9357711B5B59}.Debug|iPhoneSimulator.Deploy.0 = Debug|Any CPU
		{51324222-6BA5-4816-BC31-9357711B5B59}.Debug|x64.ActiveCfg = Debug|Any CPU
		{51324222-6BA5-4816-BC31-9357711B5B59}.Debug|x64.Build.0 = Debug|Any CPU
		{51324222-6BA5-4816-BC31-9357711B5B59}.Debug|x64.Deploy.0 = Debug|Any CPU
		{51324222-6BA5-4816-BC31-9357711B5B59}.Debug|x86.ActiveCfg = Debug|x86
		{51324222-6BA5-4816-BC31-9357711B5B59}.Debug|x86.Build.0 = Debug|x86
		{51324222-6BA5-4816-BC31-9357711B5B59}.Debug|x86.Deploy.0 = Debug|x86
		{51324222-6BA5-4816-BC31-9357711B5B59}.Release|Any CPU.ActiveCfg = Release|Any CPU
		{51324222-6BA5-4816-BC31-9357711B5B59}.Release|Any CPU.Build.0 = Release|Any CPU
		{51324222-6BA5-4816-BC31-9357711B5B59}.Release|Any CPU.Deploy.0 = Release|Any CPU
		{51324222-6BA5-4816-BC31-9357711B5B59}.Release|ARM.ActiveCfg = Release|ARM
		{51324222-6BA5-4816-BC31-9357711B5B59}.Release|ARM.Build.0 = Release|ARM
		{51324222-6BA5-4816-BC31-9357711B5B59}.Release|ARM.Deploy.0 = Release|ARM
		{51324222-6BA5-4816-BC31-9357711B5B59}.Release|iPhone.ActiveCfg = Release|Any CPU
		{51324222-6BA5-4816-BC31-9357711B5B59}.Release|iPhone.Build.0 = Release|Any CPU
		{51324222-6BA5-4816-BC31-9357711B5B59}.Release|iPhone.Deploy.0 = Release|Any CPU
		{51324222-6BA5-4816-BC31-9357711B5B59}.Release|iPhoneSimulator.ActiveCfg = Release|Any CPU
		{51324222-6BA5-4816-BC31-9357711B5B59}.Release|iPhoneSimulator.Build.0 = Release|Any CPU
		{51324222-6BA5-4816-BC31-9357711B5B59}.Release|iPhoneSimulator.Deploy.0 = Release|Any CPU
		{51324222-6BA5-4816-BC31-9357711B5B59}.Release|x64.ActiveCfg = Release|Any CPU
		{51324222-6BA5-4816-BC31-9357711B5B59}.Release|x64.Build.0 = Release|Any CPU
		{51324222-6BA5-4816-BC31-9357711B5B59}.Release|x64.Deploy.0 = Release|Any CPU
		{51324222-6BA5-4816-BC31-9357711B5B59}.Release|x86.ActiveCfg = Release|x86
		{51324222-6BA5-4816-BC31-9357711B5B59}.Release|x86.Build.0 = Release|x86
		{51324222-6BA5-4816-BC31-9357711B5B59}.Release|x86.Deploy.0 = Release|x86
		{D3FF0BDF-CD66-4013-989E-91D225077B69}.Ad-Hoc|Any CPU.ActiveCfg = Release|x86
		{D3FF0BDF-CD66-4013-989E-91D225077B69}.Ad-Hoc|Any CPU.Build.0 = Release|x86
		{D3FF0BDF-CD66-4013-989E-91D225077B69}.Ad-Hoc|Any CPU.Deploy.0 = Release|x86
		{D3FF0BDF-CD66-4013-989E-91D225077B69}.Ad-Hoc|ARM.ActiveCfg = Release|ARM
		{D3FF0BDF-CD66-4013-989E-91D225077B69}.Ad-Hoc|ARM.Build.0 = Release|ARM
		{D3FF0BDF-CD66-4013-989E-91D225077B69}.Ad-Hoc|ARM.Deploy.0 = Release|ARM
		{D3FF0BDF-CD66-4013-989E-91D225077B69}.Ad-Hoc|iPhone.ActiveCfg = Release|x86
		{D3FF0BDF-CD66-4013-989E-91D225077B69}.Ad-Hoc|iPhone.Build.0 = Release|x86
		{D3FF0BDF-CD66-4013-989E-91D225077B69}.Ad-Hoc|iPhone.Deploy.0 = Release|x86
		{D3FF0BDF-CD66-4013-989E-91D225077B69}.Ad-Hoc|iPhoneSimulator.ActiveCfg = Release|x86
		{D3FF0BDF-CD66-4013-989E-91D225077B69}.Ad-Hoc|iPhoneSimulator.Build.0 = Release|x86
		{D3FF0BDF-CD66-4013-989E-91D225077B69}.Ad-Hoc|iPhoneSimulator.Deploy.0 = Release|x86
		{D3FF0BDF-CD66-4013-989E-91D225077B69}.Ad-Hoc|x64.ActiveCfg = Release|x64
		{D3FF0BDF-CD66-4013-989E-91D225077B69}.Ad-Hoc|x64.Build.0 = Release|x64
		{D3FF0BDF-CD66-4013-989E-91D225077B69}.Ad-Hoc|x64.Deploy.0 = Release|x64
		{D3FF0BDF-CD66-4013-989E-91D225077B69}.Ad-Hoc|x86.ActiveCfg = Release|x86
		{D3FF0BDF-CD66-4013-989E-91D225077B69}.Ad-Hoc|x86.Build.0 = Release|x86
		{D3FF0BDF-CD66-4013-989E-91D225077B69}.Ad-Hoc|x86.Deploy.0 = Release|x86
		{D3FF0BDF-CD66-4013-989E-91D225077B69}.AppStore|Any CPU.ActiveCfg = Release|x86
		{D3FF0BDF-CD66-4013-989E-91D225077B69}.AppStore|Any CPU.Build.0 = Release|x86
		{D3FF0BDF-CD66-4013-989E-91D225077B69}.AppStore|Any CPU.Deploy.0 = Release|x86
		{D3FF0BDF-CD66-4013-989E-91D225077B69}.AppStore|ARM.ActiveCfg = Release|ARM
		{D3FF0BDF-CD66-4013-989E-91D225077B69}.AppStore|ARM.Build.0 = Release|ARM
		{D3FF0BDF-CD66-4013-989E-91D225077B69}.AppStore|ARM.Deploy.0 = Release|ARM
		{D3FF0BDF-CD66-4013-989E-91D225077B69}.AppStore|iPhone.ActiveCfg = Release|x86
		{D3FF0BDF-CD66-4013-989E-91D225077B69}.AppStore|iPhone.Build.0 = Release|x86
		{D3FF0BDF-CD66-4013-989E-91D225077B69}.AppStore|iPhone.Deploy.0 = Release|x86
		{D3FF0BDF-CD66-4013-989E-91D225077B69}.AppStore|iPhoneSimulator.ActiveCfg = Release|x86
		{D3FF0BDF-CD66-4013-989E-91D225077B69}.AppStore|iPhoneSimulator.Build.0 = Release|x86
		{D3FF0BDF-CD66-4013-989E-91D225077B69}.AppStore|iPhoneSimulator.Deploy.0 = Release|x86
		{D3FF0BDF-CD66-4013-989E-91D225077B69}.AppStore|x64.ActiveCfg = Release|x64
		{D3FF0BDF-CD66-4013-989E-91D225077B69}.AppStore|x64.Build.0 = Release|x64
		{D3FF0BDF-CD66-4013-989E-91D225077B69}.AppStore|x64.Deploy.0 = Release|x64
		{D3FF0BDF-CD66-4013-989E-91D225077B69}.AppStore|x86.ActiveCfg = Release|x86
		{D3FF0BDF-CD66-4013-989E-91D225077B69}.AppStore|x86.Build.0 = Release|x86
		{D3FF0BDF-CD66-4013-989E-91D225077B69}.AppStore|x86.Deploy.0 = Release|x86
		{D3FF0BDF-CD66-4013-989E-91D225077B69}.Debug|Any CPU.ActiveCfg = Debug|x86
		{D3FF0BDF-CD66-4013-989E-91D225077B69}.Debug|ARM.ActiveCfg = Debug|ARM
		{D3FF0BDF-CD66-4013-989E-91D225077B69}.Debug|ARM.Build.0 = Debug|ARM
		{D3FF0BDF-CD66-4013-989E-91D225077B69}.Debug|ARM.Deploy.0 = Debug|ARM
		{D3FF0BDF-CD66-4013-989E-91D225077B69}.Debug|iPhone.ActiveCfg = Debug|x86
		{D3FF0BDF-CD66-4013-989E-91D225077B69}.Debug|iPhoneSimulator.ActiveCfg = Debug|x86
		{D3FF0BDF-CD66-4013-989E-91D225077B69}.Debug|x64.ActiveCfg = Debug|x64
		{D3FF0BDF-CD66-4013-989E-91D225077B69}.Debug|x64.Build.0 = Debug|x64
		{D3FF0BDF-CD66-4013-989E-91D225077B69}.Debug|x64.Deploy.0 = Debug|x64
		{D3FF0BDF-CD66-4013-989E-91D225077B69}.Debug|x86.ActiveCfg = Debug|x86
		{D3FF0BDF-CD66-4013-989E-91D225077B69}.Debug|x86.Build.0 = Debug|x86
		{D3FF0BDF-CD66-4013-989E-91D225077B69}.Debug|x86.Deploy.0 = Debug|x86
		{D3FF0BDF-CD66-4013-989E-91D225077B69}.Release|Any CPU.ActiveCfg = Release|x86
		{D3FF0BDF-CD66-4013-989E-91D225077B69}.Release|ARM.ActiveCfg = Release|ARM
		{D3FF0BDF-CD66-4013-989E-91D225077B69}.Release|ARM.Build.0 = Release|ARM
		{D3FF0BDF-CD66-4013-989E-91D225077B69}.Release|ARM.Deploy.0 = Release|ARM
		{D3FF0BDF-CD66-4013-989E-91D225077B69}.Release|iPhone.ActiveCfg = Release|x86
		{D3FF0BDF-CD66-4013-989E-91D225077B69}.Release|iPhoneSimulator.ActiveCfg = Release|x86
		{D3FF0BDF-CD66-4013-989E-91D225077B69}.Release|x64.ActiveCfg = Release|x64
		{D3FF0BDF-CD66-4013-989E-91D225077B69}.Release|x64.Build.0 = Release|x64
		{D3FF0BDF-CD66-4013-989E-91D225077B69}.Release|x64.Deploy.0 = Release|x64
		{D3FF0BDF-CD66-4013-989E-91D225077B69}.Release|x86.ActiveCfg = Release|x86
		{D3FF0BDF-CD66-4013-989E-91D225077B69}.Release|x86.Build.0 = Release|x86
		{D3FF0BDF-CD66-4013-989E-91D225077B69}.Release|x86.Deploy.0 = Release|x86
		{0BC8E017-DB78-4E47-AC96-F8F9FD1B9649}.Ad-Hoc|Any CPU.ActiveCfg = Release|Any CPU
		{0BC8E017-DB78-4E47-AC96-F8F9FD1B9649}.Ad-Hoc|Any CPU.Build.0 = Release|Any CPU
		{0BC8E017-DB78-4E47-AC96-F8F9FD1B9649}.Ad-Hoc|Any CPU.Deploy.0 = Release|Any CPU
		{0BC8E017-DB78-4E47-AC96-F8F9FD1B9649}.Ad-Hoc|ARM.ActiveCfg = Release|ARM
		{0BC8E017-DB78-4E47-AC96-F8F9FD1B9649}.Ad-Hoc|ARM.Build.0 = Release|ARM
		{0BC8E017-DB78-4E47-AC96-F8F9FD1B9649}.Ad-Hoc|ARM.Deploy.0 = Release|ARM
		{0BC8E017-DB78-4E47-AC96-F8F9FD1B9649}.Ad-Hoc|iPhone.ActiveCfg = Release|Any CPU
		{0BC8E017-DB78-4E47-AC96-F8F9FD1B9649}.Ad-Hoc|iPhone.Build.0 = Release|Any CPU
		{0BC8E017-DB78-4E47-AC96-F8F9FD1B9649}.Ad-Hoc|iPhone.Deploy.0 = Release|Any CPU
		{0BC8E017-DB78-4E47-AC96-F8F9FD1B9649}.Ad-Hoc|iPhoneSimulator.ActiveCfg = Release|Any CPU
		{0BC8E017-DB78-4E47-AC96-F8F9FD1B9649}.Ad-Hoc|iPhoneSimulator.Build.0 = Release|Any CPU
		{0BC8E017-DB78-4E47-AC96-F8F9FD1B9649}.Ad-Hoc|iPhoneSimulator.Deploy.0 = Release|Any CPU
		{0BC8E017-DB78-4E47-AC96-F8F9FD1B9649}.Ad-Hoc|x64.ActiveCfg = Release|x64
		{0BC8E017-DB78-4E47-AC96-F8F9FD1B9649}.Ad-Hoc|x64.Build.0 = Release|x64
		{0BC8E017-DB78-4E47-AC96-F8F9FD1B9649}.Ad-Hoc|x64.Deploy.0 = Release|x64
		{0BC8E017-DB78-4E47-AC96-F8F9FD1B9649}.Ad-Hoc|x86.ActiveCfg = Release|x86
		{0BC8E017-DB78-4E47-AC96-F8F9FD1B9649}.Ad-Hoc|x86.Build.0 = Release|x86
		{0BC8E017-DB78-4E47-AC96-F8F9FD1B9649}.Ad-Hoc|x86.Deploy.0 = Release|x86
		{0BC8E017-DB78-4E47-AC96-F8F9FD1B9649}.AppStore|Any CPU.ActiveCfg = Release|Any CPU
		{0BC8E017-DB78-4E47-AC96-F8F9FD1B9649}.AppStore|Any CPU.Build.0 = Release|Any CPU
		{0BC8E017-DB78-4E47-AC96-F8F9FD1B9649}.AppStore|Any CPU.Deploy.0 = Release|Any CPU
		{0BC8E017-DB78-4E47-AC96-F8F9FD1B9649}.AppStore|ARM.ActiveCfg = Release|ARM
		{0BC8E017-DB78-4E47-AC96-F8F9FD1B9649}.AppStore|ARM.Build.0 = Release|ARM
		{0BC8E017-DB78-4E47-AC96-F8F9FD1B9649}.AppStore|ARM.Deploy.0 = Release|ARM
		{0BC8E017-DB78-4E47-AC96-F8F9FD1B9649}.AppStore|iPhone.ActiveCfg = Release|Any CPU
		{0BC8E017-DB78-4E47-AC96-F8F9FD1B9649}.AppStore|iPhone.Build.0 = Release|Any CPU
		{0BC8E017-DB78-4E47-AC96-F8F9FD1B9649}.AppStore|iPhone.Deploy.0 = Release|Any CPU
		{0BC8E017-DB78-4E47-AC96-F8F9FD1B9649}.AppStore|iPhoneSimulator.ActiveCfg = Release|Any CPU
		{0BC8E017-DB78-4E47-AC96-F8F9FD1B9649}.AppStore|iPhoneSimulator.Build.0 = Release|Any CPU
		{0BC8E017-DB78-4E47-AC96-F8F9FD1B9649}.AppStore|iPhoneSimulator.Deploy.0 = Release|Any CPU
		{0BC8E017-DB78-4E47-AC96-F8F9FD1B9649}.AppStore|x64.ActiveCfg = Release|x64
		{0BC8E017-DB78-4E47-AC96-F8F9FD1B9649}.AppStore|x64.Build.0 = Release|x64
		{0BC8E017-DB78-4E47-AC96-F8F9FD1B9649}.AppStore|x64.Deploy.0 = Release|x64
		{0BC8E017-DB78-4E47-AC96-F8F9FD1B9649}.AppStore|x86.ActiveCfg = Release|x86
		{0BC8E017-DB78-4E47-AC96-F8F9FD1B9649}.AppStore|x86.Build.0 = Release|x86
		{0BC8E017-DB78-4E47-AC96-F8F9FD1B9649}.AppStore|x86.Deploy.0 = Release|x86
		{0BC8E017-DB78-4E47-AC96-F8F9FD1B9649}.Debug|Any CPU.ActiveCfg = Debug|Any CPU
		{0BC8E017-DB78-4E47-AC96-F8F9FD1B9649}.Debug|Any CPU.Build.0 = Debug|Any CPU
		{0BC8E017-DB78-4E47-AC96-F8F9FD1B9649}.Debug|Any CPU.Deploy.0 = Debug|Any CPU
		{0BC8E017-DB78-4E47-AC96-F8F9FD1B9649}.Debug|ARM.ActiveCfg = Debug|ARM
		{0BC8E017-DB78-4E47-AC96-F8F9FD1B9649}.Debug|ARM.Build.0 = Debug|ARM
		{0BC8E017-DB78-4E47-AC96-F8F9FD1B9649}.Debug|ARM.Deploy.0 = Debug|ARM
		{0BC8E017-DB78-4E47-AC96-F8F9FD1B9649}.Debug|iPhone.ActiveCfg = Debug|Any CPU
		{0BC8E017-DB78-4E47-AC96-F8F9FD1B9649}.Debug|iPhone.Build.0 = Debug|Any CPU
		{0BC8E017-DB78-4E47-AC96-F8F9FD1B9649}.Debug|iPhone.Deploy.0 = Debug|Any CPU
		{0BC8E017-DB78-4E47-AC96-F8F9FD1B9649}.Debug|iPhoneSimulator.ActiveCfg = Debug|Any CPU
		{0BC8E017-DB78-4E47-AC96-F8F9FD1B9649}.Debug|iPhoneSimulator.Build.0 = Debug|Any CPU
		{0BC8E017-DB78-4E47-AC96-F8F9FD1B9649}.Debug|iPhoneSimulator.Deploy.0 = Debug|Any CPU
		{0BC8E017-DB78-4E47-AC96-F8F9FD1B9649}.Debug|x64.ActiveCfg = Debug|x64
		{0BC8E017-DB78-4E47-AC96-F8F9FD1B9649}.Debug|x64.Build.0 = Debug|x64
		{0BC8E017-DB78-4E47-AC96-F8F9FD1B9649}.Debug|x64.Deploy.0 = Debug|x64
		{0BC8E017-DB78-4E47-AC96-F8F9FD1B9649}.Debug|x86.ActiveCfg = Debug|x86
		{0BC8E017-DB78-4E47-AC96-F8F9FD1B9649}.Debug|x86.Build.0 = Debug|x86
		{0BC8E017-DB78-4E47-AC96-F8F9FD1B9649}.Debug|x86.Deploy.0 = Debug|x86
		{0BC8E017-DB78-4E47-AC96-F8F9FD1B9649}.Release|Any CPU.ActiveCfg = Release|Any CPU
		{0BC8E017-DB78-4E47-AC96-F8F9FD1B9649}.Release|Any CPU.Build.0 = Release|Any CPU
		{0BC8E017-DB78-4E47-AC96-F8F9FD1B9649}.Release|Any CPU.Deploy.0 = Release|Any CPU
		{0BC8E017-DB78-4E47-AC96-F8F9FD1B9649}.Release|ARM.ActiveCfg = Release|ARM
		{0BC8E017-DB78-4E47-AC96-F8F9FD1B9649}.Release|ARM.Build.0 = Release|ARM
		{0BC8E017-DB78-4E47-AC96-F8F9FD1B9649}.Release|ARM.Deploy.0 = Release|ARM
		{0BC8E017-DB78-4E47-AC96-F8F9FD1B9649}.Release|iPhone.ActiveCfg = Release|Any CPU
		{0BC8E017-DB78-4E47-AC96-F8F9FD1B9649}.Release|iPhone.Build.0 = Release|Any CPU
		{0BC8E017-DB78-4E47-AC96-F8F9FD1B9649}.Release|iPhone.Deploy.0 = Release|Any CPU
		{0BC8E017-DB78-4E47-AC96-F8F9FD1B9649}.Release|iPhoneSimulator.ActiveCfg = Release|Any CPU
		{0BC8E017-DB78-4E47-AC96-F8F9FD1B9649}.Release|iPhoneSimulator.Build.0 = Release|Any CPU
		{0BC8E017-DB78-4E47-AC96-F8F9FD1B9649}.Release|iPhoneSimulator.Deploy.0 = Release|Any CPU
		{0BC8E017-DB78-4E47-AC96-F8F9FD1B9649}.Release|x64.ActiveCfg = Release|x64
		{0BC8E017-DB78-4E47-AC96-F8F9FD1B9649}.Release|x64.Build.0 = Release|x64
		{0BC8E017-DB78-4E47-AC96-F8F9FD1B9649}.Release|x64.Deploy.0 = Release|x64
		{0BC8E017-DB78-4E47-AC96-F8F9FD1B9649}.Release|x86.ActiveCfg = Release|x86
		{0BC8E017-DB78-4E47-AC96-F8F9FD1B9649}.Release|x86.Build.0 = Release|x86
		{0BC8E017-DB78-4E47-AC96-F8F9FD1B9649}.Release|x86.Deploy.0 = Release|x86
	EndGlobalSection
	GlobalSection(SolutionProperties) = preSolution
		HideSolutionNode = FALSE
	EndGlobalSection
EndGlobal
